<Solution>
  <Folder Name="/src/" />
  <!-- Shared/build-only projects are intentionally discovered through the
       entry-point ProjectReference graphs below. Listing them as independent
       solution roots creates duplicate project instances with different
       target-framework globals, which can race on the same obj/bin outputs. -->
  <Folder Name="/src/managed/" />
  <Folder Name="/src/packaging/">
    <Project Path="src/packaging/Jalium.UI/Jalium.UI.csproj" />
    <Project Path="src/packaging/Jalium.UI.Desktop/Jalium.UI.Desktop.csproj" />
    <Project Path="src/packaging/Jalium.UI.Android/Jalium.UI.Android.csproj" />
    <Project Path="src/packaging/Jalium.UI.Linux/Jalium.UI.Linux.csproj" />
  </Folder>
  <Folder Name="/src/tools/">
    <Project Path="src/managed/Jalium.UI.Compiler/Jalium.UI.Compiler.csproj" />
  </Folder>
  <Folder Name="/tests/">
    <Project Path="tests/Jalium.UI.LinuxAccessibilitySmoke/Jalium.UI.LinuxAccessibilitySmoke.csproj" />
    <Project Path="tests/Jalium.UI.LinuxClipboardSmoke/Jalium.UI.LinuxClipboardSmoke.csproj" />
    <Project Path="tests/Jalium.UI.LinuxPortalSmoke/Jalium.UI.LinuxPortalSmoke.csproj" />
    <Project Path="tests/Jalium.UI.Linux.Tests/Jalium.UI.Linux.Tests.csproj" />
    <Project Path="tests/Jalium.UI.Media.LinuxSmoke/Jalium.UI.Media.LinuxSmoke.csproj" />
    <Project Path="tests/Jalium.UI.Tests/Jalium.UI.Tests.csproj" />
  </Folder>
</Solution>
